<?xml version="1.0" encoding="utf-8"?>
<Project ToolsVersion="4.0" xmlns="http://schemas.microsoft.com/developer/msbuild/2003">
  <ItemGroup>
    <Filter Include="Source Files">
      <UniqueIdentifier>{4FC737F1-C7A5-4376-A066-2A32D752A2FF}</UniqueIdentifier>
      <Extensions>cpp;c;cc;cxx;def;odl;idl;hpj;bat;asm;asmx</Extensions>
    </Filter>
    <Filter Include="Game">
      <UniqueIdentifier>{93995380-89BD-4b04-88EB-625FBE52EBFB}</UniqueIdentifier>
      <Extensions>h;hh;hpp;hxx;hm;inl;inc;ipp;xsd</Extensions>
    </Filter>
    <Filter Include="Game\Scenes">
      <UniqueIdentifier>{e5f4a5bc-7251-403f-8d82-36f17ef85492}</UniqueIdentifier>
    </Filter>
    <Filter Include="Game\Prefabs">
      <UniqueIdentifier>{a0e1bd82-4a72-45c5-9bba-055074a1ef17}</UniqueIdentifier>
    </Filter>
    <Filter Include="Game\Character">
      <UniqueIdentifier>{18e804ff-61ab-4c55-9774-5377716209b5}</UniqueIdentifier>
    </Filter>
  </ItemGroup>
</Project>